PODS:
  - FlutterMacOS (1.0.0)
  - openiothub_vlans (0.0.1):
    - FlutterMacOS

DEPENDENCIES:
  - FlutterMacOS (from `Flutter/ephemeral`)
  - openiothub_vlans (from `Flutter/ephemeral/.symlinks/plugins/openiothub_vlans/macos`)

EXTERNAL SOURCES:
  FlutterMacOS:
    :path: Flutter/ephemeral
  openiothub_vlans:
    :path: Flutter/ephemeral/.symlinks/plugins/openiothub_vlans/macos

SPEC CHECKSUMS:
  FlutterMacOS: 8f6f14fa908a6fb3fba0cd85dbd81ec4b251fb24
  openiothub_vlans: bffbf3010160e8d8868c907f9a592a3c8d802d8e

PODFILE CHECKSUM: 236401fc2c932af29a9fcf0e97baeeb2d750d367

COCOAPODS: 1.15.0
